// !$*UTF8*$!
{
	archiveVersion = 1;
	classes = {
	};
	objectVersion = 52;
	objects = {

/* Begin PBXBuildFile section */
		E2082DC925EAB3450070C22B /* AnimalGridItemView.swift in Sources */ = {isa = PBXBuildFile; fileRef = E2082DC825EAB3450070C22B /* AnimalGridItemView.swift */; };
		E2082DD025EABCD70070C22B /* Stickers.xcassets in Resources */ = {isa = PBXBuildFile; fileRef = E2082DCF25EABCD70070C22B /* Stickers.xcassets */; };
		E2082DD425EABCD70070C22B /* Stickers.appex in Embed App Extensions */ = {isa = PBXBuildFile; fileRef = E2082DCD25EABCD40070C22B /* Stickers.appex */; platformFilter = ios; settings = {ATTRIBUTES = (RemoveHeadersOnCopy, ); }; };
		E252B53325DD0FB7004A54FA /* VideoModel.swift in Sources */ = {isa = PBXBuildFile; fileRef = E252B53225DD0FB7004A54FA /* VideoModel.swift */; };
		E252B53625DD106F004A54FA /* VideoListItemView.swift in Sources */ = {isa = PBXBuildFile; fileRef = E252B53525DD106F004A54FA /* VideoListItemView.swift */; };
		E252B53A25DD1842004A54FA /* VideoPlayerView.swift in Sources */ = {isa = PBXBuildFile; fileRef = E252B53925DD1842004A54FA /* VideoPlayerView.swift */; };
		E252B53E25DD1921004A54FA /* VideoPlayerHelper.swift in Sources */ = {isa = PBXBuildFile; fileRef = E252B53D25DD1921004A54FA /* VideoPlayerHelper.swift */; };
		E252B54225DD1D42004A54FA /* LocationModel.swift in Sources */ = {isa = PBXBuildFile; fileRef = E252B54125DD1D42004A54FA /* LocationModel.swift */; };
		E252B54525DD23D3004A54FA /* MapAnnotationView.swift in Sources */ = {isa = PBXBuildFile; fileRef = E252B54425DD23D3004A54FA /* MapAnnotationView.swift */; };
		E26FB6A5260618D8000F88F5 /* CopyrightsView.swift in Sources */ = {isa = PBXBuildFile; fileRef = E26FB6A4260618D8000F88F5 /* CopyrightsView.swift */; };
		E26FB6AA26061C36000F88F5 /* CenterModifier.swift in Sources */ = {isa = PBXBuildFile; fileRef = E26FB6A926061C36000F88F5 /* CenterModifier.swift */; };
		E273548525DBEB2B005F604D /* AfricaApp.swift in Sources */ = {isa = PBXBuildFile; fileRef = E273548425DBEB2B005F604D /* AfricaApp.swift */; };
		E273548725DBEB2B005F604D /* ContentView.swift in Sources */ = {isa = PBXBuildFile; fileRef = E273548625DBEB2B005F604D /* ContentView.swift */; };
		E273548925DBEB2E005F604D /* Assets.xcassets in Resources */ = {isa = PBXBuildFile; fileRef = E273548825DBEB2E005F604D /* Assets.xcassets */; };
		E273548C25DBEB2E005F604D /* Preview Assets.xcassets in Resources */ = {isa = PBXBuildFile; fileRef = E273548B25DBEB2E005F604D /* Preview Assets.xcassets */; };
		E273549F25DBEDA2005F604D /* rhino.mp4 in Resources */ = {isa = PBXBuildFile; fileRef = E273549525DBEDA2005F604D /* rhino.mp4 */; };
		E27354A025DBEDA2005F604D /* cheetah.mp4 in Resources */ = {isa = PBXBuildFile; fileRef = E273549625DBEDA2005F604D /* cheetah.mp4 */; };
		E27354A125DBEDA2005F604D /* lion.mp4 in Resources */ = {isa = PBXBuildFile; fileRef = E273549725DBEDA2005F604D /* lion.mp4 */; };
		E27354A225DBEDA2005F604D /* elephant.mp4 in Resources */ = {isa = PBXBuildFile; fileRef = E273549825DBEDA2005F604D /* elephant.mp4 */; };
		E27354A325DBEDA2005F604D /* lioness.mp4 in Resources */ = {isa = PBXBuildFile; fileRef = E273549925DBEDA2005F604D /* lioness.mp4 */; };
		E27354A425DBEDA2005F604D /* zebra.mp4 in Resources */ = {isa = PBXBuildFile; fileRef = E273549A25DBEDA2005F604D /* zebra.mp4 */; };
		E27354A525DBEDA2005F604D /* hippo.mp4 in Resources */ = {isa = PBXBuildFile; fileRef = E273549B25DBEDA2005F604D /* hippo.mp4 */; };
		E27354A625DBEDA2005F604D /* gorilla.mp4 in Resources */ = {isa = PBXBuildFile; fileRef = E273549C25DBEDA2005F604D /* gorilla.mp4 */; };
		E27354A725DBEDA2005F604D /* ostrich.mp4 in Resources */ = {isa = PBXBuildFile; fileRef = E273549D25DBEDA2005F604D /* ostrich.mp4 */; };
		E27354A825DBEDA2005F604D /* giraffe.mp4 in Resources */ = {isa = PBXBuildFile; fileRef = E273549E25DBEDA2005F604D /* giraffe.mp4 */; };
		E27354AF25DBEDF6005F604D /* animals.json in Resources */ = {isa = PBXBuildFile; fileRef = E27354AB25DBEDF6005F604D /* animals.json */; };
		E27354B025DBEDF6005F604D /* covers.json in Resources */ = {isa = PBXBuildFile; fileRef = E27354AC25DBEDF6005F604D /* covers.json */; };
		E27354B125DBEDF6005F604D /* locations.json in Resources */ = {isa = PBXBuildFile; fileRef = E27354AD25DBEDF6005F604D /* locations.json */; };
		E27354B225DBEDF6005F604D /* videos.json in Resources */ = {isa = PBXBuildFile; fileRef = E27354AE25DBEDF6005F604D /* videos.json */; };
		E27354B925DBF1BF005F604D /* VideoListView.swift in Sources */ = {isa = PBXBuildFile; fileRef = E27354B825DBF1BF005F604D /* VideoListView.swift */; };
		E27354BC25DBF1F2005F604D /* MapView.swift in Sources */ = {isa = PBXBuildFile; fileRef = E27354BB25DBF1F2005F604D /* MapView.swift */; };
		E27354BF25DBF211005F604D /* GalleryView.swift in Sources */ = {isa = PBXBuildFile; fileRef = E27354BE25DBF211005F604D /* GalleryView.swift */; };
		E27354C225DBF239005F604D /* MainView.swift in Sources */ = {isa = PBXBuildFile; fileRef = E27354C125DBF239005F604D /* MainView.swift */; };
		E27354C525DBF8C9005F604D /* CoverImageView.swift in Sources */ = {isa = PBXBuildFile; fileRef = E27354C425DBF8C9005F604D /* CoverImageView.swift */; };
		E27354C925DBFC53005F604D /* CoverImageModel.swift in Sources */ = {isa = PBXBuildFile; fileRef = E27354C825DBFC53005F604D /* CoverImageModel.swift */; };
		E27354CE25DBFD79005F604D /* CodableBundleExtension.swift in Sources */ = {isa = PBXBuildFile; fileRef = E27354CD25DBFD79005F604D /* CodableBundleExtension.swift */; };
		E27354D225DC0373005F604D /* AnimalListView.swift in Sources */ = {isa = PBXBuildFile; fileRef = E27354D125DC0373005F604D /* AnimalListView.swift */; };
		E27354D525DC07C2005F604D /* AnimalModel.swift in Sources */ = {isa = PBXBuildFile; fileRef = E27354D425DC07C2005F604D /* AnimalModel.swift */; };
		E27354D825DC0D23005F604D /* AnimalDetailView.swift in Sources */ = {isa = PBXBuildFile; fileRef = E27354D725DC0D23005F604D /* AnimalDetailView.swift */; };
		E27354DD25DC1131005F604D /* HeadingView.swift in Sources */ = {isa = PBXBuildFile; fileRef = E27354DC25DC1131005F604D /* HeadingView.swift */; };
		E27354E025DC16B4005F604D /* InsertGalleryView.swift in Sources */ = {isa = PBXBuildFile; fileRef = E27354DF25DC16B4005F604D /* InsertGalleryView.swift */; };
		E273550725DC2B9E005F604D /* InsertFactView.swift in Sources */ = {isa = PBXBuildFile; fileRef = E273550625DC2B9E005F604D /* InsertFactView.swift */; };
		E277FA4F25E027A300A1EA40 /* MotionAnimationView.swift in Sources */ = {isa = PBXBuildFile; fileRef = E277FA4E25E027A300A1EA40 /* MotionAnimationView.swift */; };
		E2E21C6A25DC3F5F007103AB /* InsertMapView.swift in Sources */ = {isa = PBXBuildFile; fileRef = E2E21C6925DC3F5F007103AB /* InsertMapView.swift */; };
		E2E21C6D25DC4346007103AB /* ExternalWebLinkView.swift in Sources */ = {isa = PBXBuildFile; fileRef = E2E21C6C25DC4346007103AB /* ExternalWebLinkView.swift */; };
/* End PBXBuildFile section */

/* Begin PBXContainerItemProxy section */
		E2082DD225EABCD70070C22B /* PBXContainerItemProxy */ = {
			isa = PBXContainerItemProxy;
			containerPortal = E273547925DBEB2B005F604D /* Project object */;
			proxyType = 1;
			remoteGlobalIDString = E2082DCC25EABCD40070C22B;
			remoteInfo = Stickers;
		};
/* End PBXContainerItemProxy section */

/* Begin PBXCopyFilesBuildPhase section */
		E2082DD825EABCD70070C22B /* Embed App Extensions */ = {
			isa = PBXCopyFilesBuildPhase;
			buildActionMask = 2147483647;
			dstPath = "";
			dstSubfolderSpec = 13;
			files = (
				E2082DD425EABCD70070C22B /* Stickers.appex in Embed App Extensions */,
			);
			name = "Embed App Extensions";
			runOnlyForDeploymentPostprocessing = 0;
		};
/* End PBXCopyFilesBuildPhase section */

/* Begin PBXFileReference section */
		E2082DC825EAB3450070C22B /* AnimalGridItemView.swift */ = {isa = PBXFileReference; lastKnownFileType = sourcecode.swift; path = AnimalGridItemView.swift; sourceTree = "<group>"; };
		E2082DCD25EABCD40070C22B /* Stickers.appex */ = {isa = PBXFileReference; explicitFileType = "wrapper.app-extension"; includeInIndex = 0; path = Stickers.appex; sourceTree = BUILT_PRODUCTS_DIR; };
		E2082DCF25EABCD70070C22B /* Stickers.xcassets */ = {isa = PBXFileReference; lastKnownFileType = folder.assetcatalog; path = Stickers.xcassets; sourceTree = "<group>"; };
		E2082DD125EABCD70070C22B /* Info.plist */ = {isa = PBXFileReference; lastKnownFileType = text.plist.xml; path = Info.plist; sourceTree = "<group>"; };
		E252B53225DD0FB7004A54FA /* VideoModel.swift */ = {isa = PBXFileReference; lastKnownFileType = sourcecode.swift; path = VideoModel.swift; sourceTree = "<group>"; };
		E252B53525DD106F004A54FA /* VideoListItemView.swift */ = {isa = PBXFileReference; lastKnownFileType = sourcecode.swift; path = VideoListItemView.swift; sourceTree = "<group>"; };
		E252B53925DD1842004A54FA /* VideoPlayerView.swift */ = {isa = PBXFileReference; lastKnownFileType = sourcecode.swift; path = VideoPlayerView.swift; sourceTree = "<group>"; };
		E252B53D25DD1921004A54FA /* VideoPlayerHelper.swift */ = {isa = PBXFileReference; lastKnownFileType = sourcecode.swift; path = VideoPlayerHelper.swift; sourceTree = "<group>"; };
		E252B54125DD1D42004A54FA /* LocationModel.swift */ = {isa = PBXFileReference; lastKnownFileType = sourcecode.swift; path = LocationModel.swift; sourceTree = "<group>"; };
		E252B54425DD23D3004A54FA /* MapAnnotationView.swift */ = {isa = PBXFileReference; lastKnownFileType = sourcecode.swift; path = MapAnnotationView.swift; sourceTree = "<group>"; };
		E26FB6A4260618D8000F88F5 /* CopyrightsView.swift */ = {isa = PBXFileReference; lastKnownFileType = sourcecode.swift; path = CopyrightsView.swift; sourceTree = "<group>"; };
		E26FB6A926061C36000F88F5 /* CenterModifier.swift */ = {isa = PBXFileReference; lastKnownFileType = sourcecode.swift; path = CenterModifier.swift; sourceTree = "<group>"; };
		E26FB6AF26061D46000F88F5 /* Stickers.entitlements */ = {isa = PBXFileReference; lastKnownFileType = text.plist.entitlements; path = Stickers.entitlements; sourceTree = "<group>"; };
		E26FB6B026061D5C000F88F5 /* Africa.entitlements */ = {isa = PBXFileReference; lastKnownFileType = text.plist.entitlements; path = Africa.entitlements; sourceTree = "<group>"; };
		E273548125DBEB2B005F604D /* Africa.app */ = {isa = PBXFileReference; explicitFileType = wrapper.application; includeInIndex = 0; path = Africa.app; sourceTree = BUILT_PRODUCTS_DIR; };
		E273548425DBEB2B005F604D /* AfricaApp.swift */ = {isa = PBXFileReference; lastKnownFileType = sourcecode.swift; path = AfricaApp.swift; sourceTree = "<group>"; };
		E273548625DBEB2B005F604D /* ContentView.swift */ = {isa = PBXFileReference; lastKnownFileType = sourcecode.swift; path = ContentView.swift; sourceTree = "<group>"; };
		E273548825DBEB2E005F604D /* Assets.xcassets */ = {isa = PBXFileReference; lastKnownFileType = folder.assetcatalog; path = Assets.xcassets; sourceTree = "<group>"; };
		E273548B25DBEB2E005F604D /* Preview Assets.xcassets */ = {isa = PBXFileReference; lastKnownFileType = folder.assetcatalog; path = "Preview Assets.xcassets"; sourceTree = "<group>"; };
		E273548D25DBEB2E005F604D /* Info.plist */ = {isa = PBXFileReference; lastKnownFileType = text.plist.xml; path = Info.plist; sourceTree = "<group>"; };
		E273549525DBEDA2005F604D /* rhino.mp4 */ = {isa = PBXFileReference; lastKnownFileType = file; path = rhino.mp4; sourceTree = "<group>"; };
		E273549625DBEDA2005F604D /* cheetah.mp4 */ = {isa = PBXFileReference; lastKnownFileType = file; path = cheetah.mp4; sourceTree = "<group>"; };
		E273549725DBEDA2005F604D /* lion.mp4 */ = {isa = PBXFileReference; lastKnownFileType = file; path = lion.mp4; sourceTree = "<group>"; };
		E273549825DBEDA2005F604D /* elephant.mp4 */ = {isa = PBXFileReference; lastKnownFileType = file; path = elephant.mp4; sourceTree = "<group>"; };
		E273549925DBEDA2005F604D /* lioness.mp4 */ = {isa = PBXFileReference; lastKnownFileType = file; path = lioness.mp4; sourceTree = "<group>"; };
		E273549A25DBEDA2005F604D /* zebra.mp4 */ = {isa = PBXFileReference; lastKnownFileType = file; path = zebra.mp4; sourceTree = "<group>"; };
		E273549B25DBEDA2005F604D /* hippo.mp4 */ = {isa = PBXFileReference; lastKnownFileType = file; path = hippo.mp4; sourceTree = "<group>"; };
		E273549C25DBEDA2005F604D /* gorilla.mp4 */ = {isa = PBXFileReference; lastKnownFileType = file; path = gorilla.mp4; sourceTree = "<group>"; };
		E273549D25DBEDA2005F604D /* ostrich.mp4 */ = {isa = PBXFileReference; lastKnownFileType = file; path = ostrich.mp4; sourceTree = "<group>"; };
		E273549E25DBEDA2005F604D /* giraffe.mp4 */ = {isa = PBXFileReference; lastKnownFileType = file; path = giraffe.mp4; sourceTree = "<group>"; };
		E27354AB25DBEDF6005F604D /* animals.json */ = {isa = PBXFileReference; fileEncoding = 4; lastKnownFileType = text.json; path = animals.json; sourceTree = "<group>"; };
		E27354AC25DBEDF6005F604D /* covers.json */ = {isa = PBXFileReference; fileEncoding = 4; lastKnownFileType = text.json; path = covers.json; sourceTree = "<group>"; };
		E27354AD25DBEDF6005F604D /* locations.json */ = {isa = PBXFileReference; fileEncoding = 4; lastKnownFileType = text.json; path = locations.json; sourceTree = "<group>"; };
		E27354AE25DBEDF6005F604D /* videos.json */ = {isa = PBXFileReference; fileEncoding = 4; lastKnownFileType = text.json; path = videos.json; sourceTree = "<group>"; };
		E27354B825DBF1BF005F604D /* VideoListView.swift */ = {isa = PBXFileReference; lastKnownFileType = sourcecode.swift; path = VideoListView.swift; sourceTree = "<group>"; };
		E27354BB25DBF1F2005F604D /* MapView.swift */ = {isa = PBXFileReference; lastKnownFileType = sourcecode.swift; path = MapView.swift; sourceTree = "<group>"; };
		E27354BE25DBF211005F604D /* GalleryView.swift */ = {isa = PBXFileReference; lastKnownFileType = sourcecode.swift; path = GalleryView.swift; sourceTree = "<group>"; };
		E27354C125DBF239005F604D /* MainView.swift */ = {isa = PBXFileReference; lastKnownFileType = sourcecode.swift; path = MainView.swift; sourceTree = "<group>"; };
		E27354C425DBF8C9005F604D /* CoverImageView.swift */ = {isa = PBXFileReference; lastKnownFileType = sourcecode.swift; path = CoverImageView.swift; sourceTree = "<group>"; };
		E27354C825DBFC53005F604D /* CoverImageModel.swift */ = {isa = PBXFileReference; lastKnownFileType = sourcecode.swift; path = CoverImageModel.swift; sourceTree = "<group>"; };
		E27354CD25DBFD79005F604D /* CodableBundleExtension.swift */ = {isa = PBXFileReference; lastKnownFileType = sourcecode.swift; path = CodableBundleExtension.swift; sourceTree = "<group>"; };
		E27354D125DC0373005F604D /* AnimalListView.swift */ = {isa = PBXFileReference; lastKnownFileType = sourcecode.swift; path = AnimalListView.swift; sourceTree = "<group>"; };
		E27354D425DC07C2005F604D /* AnimalModel.swift */ = {isa = PBXFileReference; lastKnownFileType = sourcecode.swift; path = AnimalModel.swift; sourceTree = "<group>"; };
		E27354D725DC0D23005F604D /* AnimalDetailView.swift */ = {isa = PBXFileReference; lastKnownFileType = sourcecode.swift; path = AnimalDetailView.swift; sourceTree = "<group>"; };
		E27354DC25DC1131005F604D /* HeadingView.swift */ = {isa = PBXFileReference; lastKnownFileType = sourcecode.swift; path = HeadingView.swift; sourceTree = "<group>"; };
		E27354DF25DC16B4005F604D /* InsertGalleryView.swift */ = {isa = PBXFileReference; lastKnownFileType = sourcecode.swift; path = InsertGalleryView.swift; sourceTree = "<group>"; };
		E273550625DC2B9E005F604D /* InsertFactView.swift */ = {isa = PBXFileReference; lastKnownFileType = sourcecode.swift; path = InsertFactView.swift; sourceTree = "<group>"; };
		E277FA4E25E027A300A1EA40 /* MotionAnimationView.swift */ = {isa = PBXFileReference; lastKnownFileType = sourcecode.swift; path = MotionAnimationView.swift; sourceTree = "<group>"; };
		E2E21C6925DC3F5F007103AB /* InsertMapView.swift */ = {isa = PBXFileReference; lastKnownFileType = sourcecode.swift; path = InsertMapView.swift; sourceTree = "<group>"; };
		E2E21C6C25DC4346007103AB /* ExternalWebLinkView.swift */ = {isa = PBXFileReference; lastKnownFileType = sourcecode.swift; path = ExternalWebLinkView.swift; sourceTree = "<group>"; };
/* End PBXFileReference section */

/* Begin PBXFrameworksBuildPhase section */
		E273547E25DBEB2B005F604D /* Frameworks */ = {
			isa = PBXFrameworksBuildPhase;
			buildActionMask = 2147483647;
			files = (
			);
			runOnlyForDeploymentPostprocessing = 0;
		};
/* End PBXFrameworksBuildPhase section */

/* Begin PBXGroup section */
		E2082DCE25EABCD40070C22B /* Stickers */ = {
			isa = PBXGroup;
			children = (
				E26FB6AF26061D46000F88F5 /* Stickers.entitlements */,
				E2082DCF25EABCD70070C22B /* Stickers.xcassets */,
				E2082DD125EABCD70070C22B /* Info.plist */,
			);
			path = Stickers;
			sourceTree = "<group>";
		};
		E252B53C25DD1905004A54FA /* Utility */ = {
			isa = PBXGroup;
			children = (
				E252B53D25DD1921004A54FA /* VideoPlayerHelper.swift */,
			);
			path = Utility;
			sourceTree = "<group>";
		};
		E26FB6A826061C1B000F88F5 /* Modifier */ = {
			isa = PBXGroup;
			children = (
				E26FB6A926061C36000F88F5 /* CenterModifier.swift */,
			);
			path = Modifier;
			sourceTree = "<group>";
		};
		E273547825DBEB2B005F604D = {
			isa = PBXGroup;
			children = (
				E273548325DBEB2B005F604D /* Africa */,
				E2082DCE25EABCD40070C22B /* Stickers */,
				E273548225DBEB2B005F604D /* Products */,
			);
			sourceTree = "<group>";
		};
		E273548225DBEB2B005F604D /* Products */ = {
			isa = PBXGroup;
			children = (
				E273548125DBEB2B005F604D /* Africa.app */,
				E2082DCD25EABCD40070C22B /* Stickers.appex */,
			);
			name = Products;
			sourceTree = "<group>";
		};
		E273548325DBEB2B005F604D /* Africa */ = {
			isa = PBXGroup;
			children = (
				E26FB6B026061D5C000F88F5 /* Africa.entitlements */,
				E26FB6A826061C1B000F88F5 /* Modifier */,
				E252B53C25DD1905004A54FA /* Utility */,
				E27354CC25DBFD59005F604D /* Extensions */,
				E27354C725DBFC2D005F604D /* Model */,
				E27354B625DBF132005F604D /* Views */,
				E27354AA25DBEDDC005F604D /* Data */,
				E273549425DBED73005F604D /* Video */,
				E27354B425DBF129005F604D /* App */,
				E273548825DBEB2E005F604D /* Assets.xcassets */,
				E273548D25DBEB2E005F604D /* Info.plist */,
				E273548A25DBEB2E005F604D /* Preview Content */,
			);
			path = Africa;
			sourceTree = "<group>";
		};
		E273548A25DBEB2E005F604D /* Preview Content */ = {
			isa = PBXGroup;
			children = (
				E273548B25DBEB2E005F604D /* Preview Assets.xcassets */,
			);
			path = "Preview Content";
			sourceTree = "<group>";
		};
		E273549425DBED73005F604D /* Video */ = {
			isa = PBXGroup;
			children = (
				E273549625DBEDA2005F604D /* cheetah.mp4 */,
				E273549825DBEDA2005F604D /* elephant.mp4 */,
				E273549E25DBEDA2005F604D /* giraffe.mp4 */,
				E273549C25DBEDA2005F604D /* gorilla.mp4 */,
				E273549B25DBEDA2005F604D /* hippo.mp4 */,
				E273549725DBEDA2005F604D /* lion.mp4 */,
				E273549925DBEDA2005F604D /* lioness.mp4 */,
				E273549D25DBEDA2005F604D /* ostrich.mp4 */,
				E273549525DBEDA2005F604D /* rhino.mp4 */,
				E273549A25DBEDA2005F604D /* zebra.mp4 */,
			);
			path = Video;
			sourceTree = "<group>";
		};
		E27354AA25DBEDDC005F604D /* Data */ = {
			isa = PBXGroup;
			children = (
				E27354AB25DBEDF6005F604D /* animals.json */,
				E27354AC25DBEDF6005F604D /* covers.json */,
				E27354AD25DBEDF6005F604D /* locations.json */,
				E27354AE25DBEDF6005F604D /* videos.json */,
			);
			path = Data;
			sourceTree = "<group>";
		};
		E27354B425DBF129005F604D /* App */ = {
			isa = PBXGroup;
			children = (
				E273548425DBEB2B005F604D /* AfricaApp.swift */,
				E273548625DBEB2B005F604D /* ContentView.swift */,
				E27354B825DBF1BF005F604D /* VideoListView.swift */,
				E27354BB25DBF1F2005F604D /* MapView.swift */,
				E27354BE25DBF211005F604D /* GalleryView.swift */,
				E27354C125DBF239005F604D /* MainView.swift */,
			);
			path = App;
			sourceTree = "<group>";
		};
		E27354B625DBF132005F604D /* Views */ = {
			isa = PBXGroup;
			children = (
				E27354C425DBF8C9005F604D /* CoverImageView.swift */,
				E252B54425DD23D3004A54FA /* MapAnnotationView.swift */,
				E252B53925DD1842004A54FA /* VideoPlayerView.swift */,
				E252B53525DD106F004A54FA /* VideoListItemView.swift */,
				E27354D725DC0D23005F604D /* AnimalDetailView.swift */,
				E2E21C6C25DC4346007103AB /* ExternalWebLinkView.swift */,
				E2E21C6925DC3F5F007103AB /* InsertMapView.swift */,
				E273550625DC2B9E005F604D /* InsertFactView.swift */,
				E27354DC25DC1131005F604D /* HeadingView.swift */,
				E27354D125DC0373005F604D /* AnimalListView.swift */,
				E27354DF25DC16B4005F604D /* InsertGalleryView.swift */,
				E277FA4E25E027A300A1EA40 /* MotionAnimationView.swift */,
				E2082DC825EAB3450070C22B /* AnimalGridItemView.swift */,
				E26FB6A4260618D8000F88F5 /* CopyrightsView.swift */,
			);
			path = Views;
			sourceTree = "<group>";
		};
		E27354C725DBFC2D005F604D /* Model */ = {
			isa = PBXGroup;
			children = (
				E27354C825DBFC53005F604D /* CoverImageModel.swift */,
				E252B54125DD1D42004A54FA /* LocationModel.swift */,
				E27354D425DC07C2005F604D /* AnimalModel.swift */,
				E252B53225DD0FB7004A54FA /* VideoModel.swift */,
			);
			path = Model;
			sourceTree = "<group>";
		};
		E27354CC25DBFD59005F604D /* Extensions */ = {
			isa = PBXGroup;
			children = (
				E27354CD25DBFD79005F604D /* CodableBundleExtension.swift */,
			);
			path = Extensions;
			sourceTree = "<group>";
		};
/* End PBXGroup section */

/* Begin PBXNativeTarget section */
		E2082DCC25EABCD40070C22B /* Stickers */ = {
			isa = PBXNativeTarget;
			buildConfigurationList = E2082DD525EABCD70070C22B /* Build configuration list for PBXNativeTarget "Stickers" */;
			buildPhases = (
				E2082DCB25EABCD40070C22B /* Resources */,
			);
			buildRules = (
			);
			dependencies = (
			);
			name = Stickers;
			productName = Stickers;
			productReference = E2082DCD25EABCD40070C22B /* Stickers.appex */;
			productType = "com.apple.product-type.app-extension.messages-sticker-pack";
		};
		E273548025DBEB2B005F604D /* Africa */ = {
			isa = PBXNativeTarget;
			buildConfigurationList = E273549025DBEB2E005F604D /* Build configuration list for PBXNativeTarget "Africa" */;
			buildPhases = (
				E273547D25DBEB2B005F604D /* Sources */,
				E273547E25DBEB2B005F604D /* Frameworks */,
				E273547F25DBEB2B005F604D /* Resources */,
				E2082DD825EABCD70070C22B /* Embed App Extensions */,
			);
			buildRules = (
			);
			dependencies = (
				E2082DD325EABCD70070C22B /* PBXTargetDependency */,
			);
			name = Africa;
			productName = Africa;
			productReference = E273548125DBEB2B005F604D /* Africa.app */;
			productType = "com.apple.product-type.application";
		};
/* End PBXNativeTarget section */

/* Begin PBXProject section */
		E273547925DBEB2B005F604D /* Project object */ = {
			isa = PBXProject;
			attributes = {
				LastSwiftUpdateCheck = 1240;
				LastUpgradeCheck = 1240;
				TargetAttributes = {
					E2082DCC25EABCD40070C22B = {
						CreatedOnToolsVersion = 12.4;
					};
					E273548025DBEB2B005F604D = {
						CreatedOnToolsVersion = 12.4;
					};
				};
			};
			buildConfigurationList = E273547C25DBEB2B005F604D /* Build configuration list for PBXProject "Africa" */;
			compatibilityVersion = "Xcode 9.3";
			developmentRegion = en;
			hasScannedForEncodings = 0;
			knownRegions = (
				en,
				Base,
			);
			mainGroup = E273547825DBEB2B005F604D;
			productRefGroup = E273548225DBEB2B005F604D /* Products */;
			projectDirPath = "";
			projectRoot = "";
			targets = (
				E273548025DBEB2B005F604D /* Africa */,
				E2082DCC25EABCD40070C22B /* Stickers */,
			);
		};
/* End PBXProject section */

/* Begin PBXResourcesBuildPhase section */
		E2082DCB25EABCD40070C22B /* Resources */ = {
			isa = PBXResourcesBuildPhase;
			buildActionMask = 2147483647;
			files = (
				E2082DD025EABCD70070C22B /* Stickers.xcassets in Resources */,
			);
			runOnlyForDeploymentPostprocessing = 0;
		};
		E273547F25DBEB2B005F604D /* Resources */ = {
			isa = PBXResourcesBuildPhase;
			buildActionMask = 2147483647;
			files = (
				E27354A025DBEDA2005F604D /* cheetah.mp4 in Resources */,
				E27354A525DBEDA2005F604D /* hippo.mp4 in Resources */,
				E27354A825DBEDA2005F604D /* giraffe.mp4 in Resources */,
				E27354A625DBEDA2005F604D /* gorilla.mp4 in Resources */,
				E273549F25DBEDA2005F604D /* rhino.mp4 in Resources */,
				E27354A225DBEDA2005F604D /* elephant.mp4 in Resources */,
				E273548C25DBEB2E005F604D /* Preview Assets.xcassets in Resources */,
				E27354B125DBEDF6005F604D /* locations.json in Resources */,
				E27354B025DBEDF6005F604D /* covers.json in Resources */,
				E27354AF25DBEDF6005F604D /* animals.json in Resources */,
				E27354A425DBEDA2005F604D /* zebra.mp4 in Resources */,
				E27354A125DBEDA2005F604D /* lion.mp4 in Resources */,
				E27354A325DBEDA2005F604D /* lioness.mp4 in Resources */,
				E27354B225DBEDF6005F604D /* videos.json in Resources */,
				E273548925DBEB2E005F604D /* Assets.xcassets in Resources */,
				E27354A725DBEDA2005F604D /* ostrich.mp4 in Resources */,
			);
			runOnlyForDeploymentPostprocessing = 0;
		};
/* End PBXResourcesBuildPhase section */

/* Begin PBXSourcesBuildPhase section */
		E273547D25DBEB2B005F604D /* Sources */ = {
			isa = PBXSourcesBuildPhase;
			buildActionMask = 2147483647;
			files = (
				E27354D225DC0373005F604D /* AnimalListView.swift in Sources */,
				E273548725DBEB2B005F604D /* ContentView.swift in Sources */,
				E27354C225DBF239005F604D /* MainView.swift in Sources */,
				E27354C525DBF8C9005F604D /* CoverImageView.swift in Sources */,
				E26FB6A5260618D8000F88F5 /* CopyrightsView.swift in Sources */,
				E27354C925DBFC53005F604D /* CoverImageModel.swift in Sources */,
				E27354D525DC07C2005F604D /* AnimalModel.swift in Sources */,
				E27354BC25DBF1F2005F604D /* MapView.swift in Sources */,
				E273548525DBEB2B005F604D /* AfricaApp.swift in Sources */,
				E27354D825DC0D23005F604D /* AnimalDetailView.swift in Sources */,
				E27354B925DBF1BF005F604D /* VideoListView.swift in Sources */,
				E252B53E25DD1921004A54FA /* VideoPlayerHelper.swift in Sources */,
				E27354BF25DBF211005F604D /* GalleryView.swift in Sources */,
				E2E21C6D25DC4346007103AB /* ExternalWebLinkView.swift in Sources */,
				E252B54525DD23D3004A54FA /* MapAnnotationView.swift in Sources */,
				E27354CE25DBFD79005F604D /* CodableBundleExtension.swift in Sources */,
				E252B53325DD0FB7004A54FA /* VideoModel.swift in Sources */,
				E2E21C6A25DC3F5F007103AB /* InsertMapView.swift in Sources */,
				E252B54225DD1D42004A54FA /* LocationModel.swift in Sources */,
				E2082DC925EAB3450070C22B /* AnimalGridItemView.swift in Sources */,
				E27354E025DC16B4005F604D /* InsertGalleryView.swift in Sources */,
				E252B53625DD106F004A54FA /* VideoListItemView.swift in Sources */,
				E27354DD25DC1131005F604D /* HeadingView.swift in Sources */,
				E277FA4F25E027A300A1EA40 /* MotionAnimationView.swift in Sources */,
				E26FB6AA26061C36000F88F5 /* CenterModifier.swift in Sources */,
				E273550725DC2B9E005F604D /* InsertFactView.swift in Sources */,
				E252B53A25DD1842004A54FA /* VideoPlayerView.swift in Sources */,
			);
			runOnlyForDeploymentPostprocessing = 0;
		};
/* End PBXSourcesBuildPhase section */

/* Begin PBXTargetDependency section */
		E2082DD325EABCD70070C22B /* PBXTargetDependency */ = {
			isa = PBXTargetDependency;
			platformFilter = ios;
			target = E2082DCC25EABCD40070C22B /* Stickers */;
			targetProxy = E2082DD225EABCD70070C22B /* PBXContainerItemProxy */;
		};
/* End PBXTargetDependency section */

/* Begin XCBuildConfiguration section */
		E2082DD625EABCD70070C22B /* Debug */ = {
			isa = XCBuildConfiguration;
			buildSettings = {
				ASSETCATALOG_COMPILER_APPICON_NAME = "iMessage App Icon";
				CODE_SIGN_ENTITLEMENTS = Stickers/Stickers.entitlements;
				CODE_SIGN_STYLE = Automatic;
				DEVELOPMENT_TEAM = 68435FU9T3;
				INFOPLIST_FILE = Stickers/Info.plist;
				IPHONEOS_DEPLOYMENT_TARGET = 10.0;
				PRODUCT_BUNDLE_IDENTIFIER = com.ugozeal.Africa.Stickers;
				PRODUCT_NAME = "$(TARGET_NAME)";
				SKIP_INSTALL = YES;
				SUPPORTS_MACCATALYST = NO;
				TARGETED_DEVICE_FAMILY = "1,2";
			};
			name = Debug;
		};
		E2082DD725EABCD70070C22B /* Release */ = {
			isa = XCBuildConfiguration;
			buildSettings = {
				ASSETCATALOG_COMPILER_APPICON_NAME = "iMessage App Icon";
				CODE_SIGN_ENTITLEMENTS = Stickers/Stickers.entitlements;
				CODE_SIGN_STYLE = Automatic;
				DEVELOPMENT_TEAM = 68435FU9T3;
				INFOPLIST_FILE = Stickers/Info.plist;
				IPHONEOS_DEPLOYMENT_TARGET = 10.0;
				PRODUCT_BUNDLE_IDENTIFIER = com.ugozeal.Africa.Stickers;
				PRODUCT_NAME = "$(TARGET_NAME)";
				SKIP_INSTALL = YES;
				SUPPORTS_MACCATALYST = NO;
				TARGETED_DEVICE_FAMILY = "1,2";
			};
			name = Release;
		};
		E273548E25DBEB2E005F604D /* Debug */ = {
			isa = XCBuildConfiguration;
			buildSettings = {
				ALWAYS_SEARCH_USER_PATHS = NO;
				CLANG_ANALYZER_NONNULL = YES;
				CLANG_ANALYZER_NUMBER_OBJECT_CONVERSION = YES_AGGRESSIVE;
				CLANG_CXX_LANGUAGE_STANDARD = "gnu++14";
				CLANG_CXX_LIBRARY = "libc++";
				CLANG_ENABLE_MODULES = YES;
				CLANG_ENABLE_OBJC_ARC = YES;
				CLANG_ENABLE_OBJC_WEAK = YES;
				CLANG_WARN_BLOCK_CAPTURE_AUTORELEASING = YES;
				CLANG_WARN_BOOL_CONVERSION = YES;
				CLANG_WARN_COMMA = YES;
				CLANG_WARN_CONSTANT_CONVERSION = YES;
				CLANG_WARN_DEPRECATED_OBJC_IMPLEMENTATIONS = YES;
				CLANG_WARN_DIRECT_OBJC_ISA_USAGE = YES_ERROR;
				CLANG_WARN_DOCUMENTATION_COMMENTS = YES;
				CLANG_WARN_EMPTY_BODY = YES;
				CLANG_WARN_ENUM_CONVERSION = YES;
				CLANG_WARN_INFINITE_RECURSION = YES;
				CLANG_WARN_INT_CONVERSION = YES;
				CLANG_WARN_NON_LITERAL_NULL_CONVERSION = YES;
				CLANG_WARN_OBJC_IMPLICIT_RETAIN_SELF = YES;
				CLANG_WARN_OBJC_LITERAL_CONVERSION = YES;
				CLANG_WARN_OBJC_ROOT_CLASS = YES_ERROR;
				CLANG_WARN_QUOTED_INCLUDE_IN_FRAMEWORK_HEADER = YES;
				CLANG_WARN_RANGE_LOOP_ANALYSIS = YES;
				CLANG_WARN_STRICT_PROTOTYPES = YES;
				CLANG_WARN_SUSPICIOUS_MOVE = YES;
				CLANG_WARN_UNGUARDED_AVAILABILITY = YES_AGGRESSIVE;
				CLANG_WARN_UNREACHABLE_CODE = YES;
				CLANG_WARN__DUPLICATE_METHOD_MATCH = YES;
				COPY_PHASE_STRIP = NO;
				DEBUG_INFORMATION_FORMAT = dwarf;
				ENABLE_STRICT_OBJC_MSGSEND = YES;
				ENABLE_TESTABILITY = YES;
				GCC_C_LANGUAGE_STANDARD = gnu11;
				GCC_DYNAMIC_NO_PIC = NO;
				GCC_NO_COMMON_BLOCKS = YES;
				GCC_OPTIMIZATION_LEVEL = 0;
				GCC_PREPROCESSOR_DEFINITIONS = (
					"DEBUG=1",
					"$(inherited)",
				);
				GCC_WARN_64_TO_32_BIT_CONVERSION = YES;
				GCC_WARN_ABOUT_RETURN_TYPE = YES_ERROR;
				GCC_WARN_UNDECLARED_SELECTOR = YES;
				GCC_WARN_UNINITIALIZED_AUTOS = YES_AGGRESSIVE;
				GCC_WARN_UNUSED_FUNCTION = YES;
				GCC_WARN_UNUSED_VARIABLE = YES;
				IPHONEOS_DEPLOYMENT_TARGET = 14.4;
				MTL_ENABLE_DEBUG_INFO = INCLUDE_SOURCE;
				MTL_FAST_MATH = YES;
				ONLY_ACTIVE_ARCH = YES;
				SDKROOT = iphoneos;
				SWIFT_ACTIVE_COMPILATION_CONDITIONS = DEBUG;
				SWIFT_OPTIMIZATION_LEVEL = "-Onone";
			};
			name = Debug;
		};
		E273548F25DBEB2E005F604D /* Release */ = {
			isa = XCBuildConfiguration;
			buildSettings = {
				ALWAYS_SEARCH_USER_PATHS = NO;
				CLANG_ANALYZER_NONNULL = YES;
				CLANG_ANALYZER_NUMBER_OBJECT_CONVERSION = YES_AGGRESSIVE;
				CLANG_CXX_LANGUAGE_STANDARD = "gnu++14";
				CLANG_CXX_LIBRARY = "libc++";
				CLANG_ENABLE_MODULES = YES;
				CLANG_ENABLE_OBJC_ARC = YES;
				CLANG_ENABLE_OBJC_WEAK = YES;
				CLANG_WARN_BLOCK_CAPTURE_AUTORELEASING = YES;
				CLANG_WARN_BOOL_CONVERSION = YES;
				CLANG_WARN_COMMA = YES;
				CLANG_WARN_CONSTANT_CONVERSION = YES;
				CLANG_WARN_DEPRECATED_OBJC_IMPLEMENTATIONS = YES;
				CLANG_WARN_DIRECT_OBJC_ISA_USAGE = YES_ERROR;
				CLANG_WARN_DOCUMENTATION_COMMENTS = YES;
				CLANG_WARN_EMPTY_BODY = YES;
				CLANG_WARN_ENUM_CONVERSION = YES;
				CLANG_WARN_INFINITE_RECURSION = YES;
				CLANG_WARN_INT_CONVERSION = YES;
				CLANG_WARN_NON_LITERAL_NULL_CONVERSION = YES;
				CLANG_WARN_OBJC_IMPLICIT_RETAIN_SELF = YES;
				CLANG_WARN_OBJC_LITERAL_CONVERSION = YES;
				CLANG_WARN_OBJC_ROOT_CLASS = YES_ERROR;
				CLANG_WARN_QUOTED_INCLUDE_IN_FRAMEWORK_HEADER = YES;
				CLANG_WARN_RANGE_LOOP_ANALYSIS = YES;
				CLANG_WARN_STRICT_PROTOTYPES = YES;
				CLANG_WARN_SUSPICIOUS_MOVE = YES;
				CLANG_WARN_UNGUARDED_AVAILABILITY = YES_AGGRESSIVE;
				CLANG_WARN_UNREACHABLE_CODE = YES;
				CLANG_WARN__DUPLICATE_METHOD_MATCH = YES;
				COPY_PHASE_STRIP = NO;
				DEBUG_INFORMATION_FORMAT = "dwarf-with-dsym";
				ENABLE_NS_ASSERTIONS = NO;
				ENABLE_STRICT_OBJC_MSGSEND = YES;
				GCC_C_LANGUAGE_STANDARD = gnu11;
				GCC_NO_COMMON_BLOCKS = YES;
				GCC_WARN_64_TO_32_BIT_CONVERSION = YES;
				GCC_WARN_ABOUT_RETURN_TYPE = YES_ERROR;
				GCC_WARN_UNDECLARED_SELECTOR = YES;
				GCC_WARN_UNINITIALIZED_AUTOS = YES_AGGRESSIVE;
				GCC_WARN_UNUSED_FUNCTION = YES;
				GCC_WARN_UNUSED_VARIABLE = YES;
				IPHONEOS_DEPLOYMENT_TARGET = 14.4;
				MTL_ENABLE_DEBUG_INFO = NO;
				MTL_FAST_MATH = YES;
				SDKROOT = iphoneos;
				SWIFT_COMPILATION_MODE = wholemodule;
				SWIFT_OPTIMIZATION_LEVEL = "-O";
				VALIDATE_PRODUCT = YES;
			};
			name = Release;
		};
		E273549125DBEB2E005F604D /* Debug */ = {
			isa = XCBuildConfiguration;
			buildSettings = {
				ASSETCATALOG_COMPILER_APPICON_NAME = AppIcon;
				ASSETCATALOG_COMPILER_GLOBAL_ACCENT_COLOR_NAME = AccentColor;
				CODE_SIGN_ENTITLEMENTS = Africa/Africa.entitlements;
				CODE_SIGN_STYLE = Automatic;
				DEVELOPMENT_ASSET_PATHS = "\"Africa/Preview Content\"";
				DEVELOPMENT_TEAM = 68435FU9T3;
				ENABLE_PREVIEWS = YES;
				INFOPLIST_FILE = Africa/Info.plist;
				IPHONEOS_DEPLOYMENT_TARGET = 14.0;
				LD_RUNPATH_SEARCH_PATHS = (
					"$(inherited)",
					"@executable_path/Frameworks",
				);
				PRODUCT_BUNDLE_IDENTIFIER = com.ugozeal.Africa;
				PRODUCT_NAME = "$(TARGET_NAME)";
				SUPPORTS_MACCATALYST = YES;
				SWIFT_VERSION = 5.0;
				TARGETED_DEVICE_FAMILY = "1,2";
			};
			name = Debug;
		};
		E273549225DBEB2E005F604D /* Release */ = {
			isa = XCBuildConfiguration;
			buildSettings = {
				ASSETCATALOG_COMPILER_APPICON_NAME = AppIcon;
				ASSETCATALOG_COMPILER_GLOBAL_ACCENT_COLOR_NAME = AccentColor;
				CODE_SIGN_ENTITLEMENTS = Africa/Africa.entitlements;
				CODE_SIGN_STYLE = Automatic;
				DEVELOPMENT_ASSET_PATHS = "\"Africa/Preview Content\"";
				DEVELOPMENT_TEAM = 68435FU9T3;
				ENABLE_PREVIEWS = YES;
				INFOPLIST_FILE = Africa/Info.plist;
				IPHONEOS_DEPLOYMENT_TARGET = 14.0;
				LD_RUNPATH_SEARCH_PATHS = (
					"$(inherited)",
					"@executable_path/Frameworks",
				);
				PRODUCT_BUNDLE_IDENTIFIER = com.ugozeal.Africa;
				PRODUCT_NAME = "$(TARGET_NAME)";
				SUPPORTS_MACCATALYST = YES;
				SWIFT_VERSION = 5.0;
				TARGETED_DEVICE_FAMILY = "1,2";
			};
			name = Release;
		};
/* End XCBuildConfiguration section */

/* Begin XCConfigurationList section */
		E2082DD525EABCD70070C22B /* Build configuration list for PBXNativeTarget "Stickers" */ = {
			isa = XCConfigurationList;
			buildConfigurations = (
				E2082DD625EABCD70070C22B /* Debug */,
				E2082DD725EABCD70070C22B /* Release */,
			);
			defaultConfigurationIsVisible = 0;
			defaultConfigurationName = Release;
		};
		E273547C25DBEB2B005F604D /* Build configuration list for PBXProject "Africa" */ = {
			isa = XCConfigurationList;
			buildConfigurations = (
				E273548E25DBEB2E005F604D /* Debug */,
				E273548F25DBEB2E005F604D /* Release */,
			);
			defaultConfigurationIsVisible = 0;
			defaultConfigurationName = Release;
		};
		E273549025DBEB2E005F604D /* Build configuration list for PBXNativeTarget "Africa" */ = {
			isa = XCConfigurationList;
			buildConfigurations = (
				E273549125DBEB2E005F604D /* Debug */,
				E273549225DBEB2E005F604D /* Release */,
			);
			defaultConfigurationIsVisible = 0;
			defaultConfigurationName = Release;
		};
/* End XCConfigurationList section */
	};
	rootObject = E273547925DBEB2B005F604D /* Project object */;
}
